
Microsoft Visual Studio Solution File, Format Version 12.00
# Visual Studio 2013
VisualStudioVersion = 12.0.31101.0
MinimumVisualStudioVersion = 10.0.40219.1
Project("{FAE04EC0-301F-11D3-BF4B-00C04F79EFBC}") = "PhotoManagementStudio", "PhotoManagementStudio\PhotoManagementStudio.csproj", "{2F6EF83D-D220-43E6-869A-C7359C881A92}"
EndProject
Project("{FAE04EC0-301F-11D3-BF4B-00C04F79EFBC}") = "PhotoLibraryImageService", "PhotoLibraryImageService\PhotoLibraryImageService.csproj", "{AF91B467-BF7F-41DB-B8EF-C48A60BC9153}"
EndProject
Project("{FAE04EC0-301F-11D3-BF4B-00C04F79EFBC}") = "NetworkSupervisor", "NetworkSupervisor\NetworkSupervisor.csproj", "{92535ED5-D9B9-4152-8C9C-A3A10CB63280}"
EndProject
Project("{2150E333-8FDC-42A3-9474-1A3956D46DE8}") = "Server", "Server", "{1727FD01-3B99-448D-9C0E-1B05B91C0CF0}"
EndProject
Project("{2150E333-8FDC-42A3-9474-1A3956D46DE8}") = "Client", "Client", "{D5623B79-497F-4D9E-B43C-6015864879DD}"
EndProject
Project("{2150E333-8FDC-42A3-9474-1A3956D46DE8}") = "Shared", "Shared", "{4741C075-D778-4C63-B166-935D7BE3D6A1}"
EndProject
Project("{FAE04EC0-301F-11D3-BF4B-00C04F79EFBC}") = "Shared", "Shared\Shared.csproj", "{00761896-FC37-449F-9215-BCC427410BD4}"
EndProject
Global
	GlobalSection(SolutionConfigurationPlatforms) = preSolution
		Debug|Any CPU = Debug|Any CPU
		Release|Any CPU = Release|Any CPU
	EndGlobalSection
	GlobalSection(ProjectConfigurationPlatforms) = postSolution
		{2F6EF83D-D220-43E6-869A-C7359C881A92}.Debug|Any CPU.ActiveCfg = Debug|Any CPU
		{2F6EF83D-D220-43E6-869A-C7359C881A92}.Debug|Any CPU.Build.0 = Debug|Any CPU
		{2F6EF83D-D220-43E6-869A-C7359C881A92}.Release|Any CPU.ActiveCfg = Release|Any CPU
		{2F6EF83D-D220-43E6-869A-C7359C881A92}.Release|Any CPU.Build.0 = Release|Any CPU
		{AF91B467-BF7F-41DB-B8EF-C48A60BC9153}.Debug|Any CPU.ActiveCfg = Debug|Any CPU
		{AF91B467-BF7F-41DB-B8EF-C48A60BC9153}.Debug|Any CPU.Build.0 = Debug|Any CPU
		{AF91B467-BF7F-41DB-B8EF-C48A60BC9153}.Release|Any CPU.ActiveCfg = Release|Any CPU
		{AF91B467-BF7F-41DB-B8EF-C48A60BC9153}.Release|Any CPU.Build.0 = Release|Any CPU
		{92535ED5-D9B9-4152-8C9C-A3A10CB63280}.Debug|Any CPU.ActiveCfg = Debug|Any CPU
		{92535ED5-D9B9-4152-8C9C-A3A10CB63280}.Debug|Any CPU.Build.0 = Debug|Any CPU
		{92535ED5-D9B9-4152-8C9C-A3A10CB63280}.Release|Any CPU.ActiveCfg = Release|Any CPU
		{92535ED5-D9B9-4152-8C9C-A3A10CB63280}.Release|Any CPU.Build.0 = Release|Any CPU
		{00761896-FC37-449F-9215-BCC427410BD4}.Debug|Any CPU.ActiveCfg = Debug|Any CPU
		{00761896-FC37-449F-9215-BCC427410BD4}.Debug|Any CPU.Build.0 = Debug|Any CPU
		{00761896-FC37-449F-9215-BCC427410BD4}.Release|Any CPU.ActiveCfg = Release|Any CPU
		{00761896-FC37-449F-9215-BCC427410BD4}.Release|Any CPU.Build.0 = Release|Any CPU
	EndGlobalSection
	GlobalSection(SolutionProperties) = preSolution
		HideSolutionNode = FALSE
	EndGlobalSection
	GlobalSection(NestedProjects) = preSolution
		{2F6EF83D-D220-43E6-869A-C7359C881A92} = {D5623B79-497F-4D9E-B43C-6015864879DD}
		{AF91B467-BF7F-41DB-B8EF-C48A60BC9153} = {1727FD01-3B99-448D-9C0E-1B05B91C0CF0}
		{92535ED5-D9B9-4152-8C9C-A3A10CB63280} = {D5623B79-497F-4D9E-B43C-6015864879DD}
		{00761896-FC37-449F-9215-BCC427410BD4} = {4741C075-D778-4C63-B166-935D7BE3D6A1}
	EndGlobalSection
EndGlobal
