// !$*UTF8*$!
{
	archiveVersion = 1;
	classes = {
	};
	objectVersion = 46;
	objects = {

/* Begin PBXBuildFile section */
		510943231C96D44200CF63A9 /* HTTPStatusCodes.swift in Sources */ = {isa = PBXBuildFile; fileRef = 510943221C96D44200CF63A9 /* HTTPStatusCodes.swift */; };
		510943251C9812D600CF63A9 /* ImportedFilesObject.swift in Sources */ = {isa = PBXBuildFile; fileRef = 510943241C9812D600CF63A9 /* ImportedFilesObject.swift */; };
		510943281C98308200CF63A9 /* PMSHoverButton.swift in Sources */ = {isa = PBXBuildFile; fileRef = 510943271C98308200CF63A9 /* PMSHoverButton.swift */; };
		5109432C1C99662B00CF63A9 /* LibraryFilterSplitDelegate.swift in Sources */ = {isa = PBXBuildFile; fileRef = 5109432B1C99662B00CF63A9 /* LibraryFilterSplitDelegate.swift */; };
		5109432E1C996D3D00CF63A9 /* PMSSplitView.swift in Sources */ = {isa = PBXBuildFile; fileRef = 5109432D1C996D3D00CF63A9 /* PMSSplitView.swift */; };
		510943311C9974FB00CF63A9 /* FilterViewController.swift in Sources */ = {isa = PBXBuildFile; fileRef = 510943301C9974FB00CF63A9 /* FilterViewController.swift */; };
		510943331C99750F00CF63A9 /* FilterView.xib in Resources */ = {isa = PBXBuildFile; fileRef = 510943321C99750F00CF63A9 /* FilterView.xib */; };
		510943361C9AC4EE00CF63A9 /* LibraryView.xib in Resources */ = {isa = PBXBuildFile; fileRef = 510943351C9AC4EE00CF63A9 /* LibraryView.xib */; };
		510943381C9AC50900CF63A9 /* LibraryViewController.swift in Sources */ = {isa = PBXBuildFile; fileRef = 510943371C9AC50900CF63A9 /* LibraryViewController.swift */; };
		5109433A1C9AC73700CF63A9 /* PMSCollectionView.swift in Sources */ = {isa = PBXBuildFile; fileRef = 510943391C9AC73700CF63A9 /* PMSCollectionView.swift */; };
		5109433D1C9ACA3500CF63A9 /* PMSBox.swift in Sources */ = {isa = PBXBuildFile; fileRef = 5109433C1C9ACA3500CF63A9 /* PMSBox.swift */; };
		511FAC061C858F3E008EE11A /* ImportViewItem.xib in Resources */ = {isa = PBXBuildFile; fileRef = 511FAC051C858F3E008EE11A /* ImportViewItem.xib */; };
		511FAC101C85C974008EE11A /* MainWindow.xib in Resources */ = {isa = PBXBuildFile; fileRef = 511FAC0F1C85C974008EE11A /* MainWindow.xib */; };
		511FAC2B1C86486B008EE11A /* MainMenu.xib in Resources */ = {isa = PBXBuildFile; fileRef = 511FAC2A1C86486B008EE11A /* MainMenu.xib */; };
		511FAC2D1C864AC5008EE11A /* HomeView.xib in Resources */ = {isa = PBXBuildFile; fileRef = 511FAC2C1C864AC5008EE11A /* HomeView.xib */; };
		511FAC2F1C864AEC008EE11A /* HomeViewController.swift in Sources */ = {isa = PBXBuildFile; fileRef = 511FAC2E1C864AEC008EE11A /* HomeViewController.swift */; };
		511FAC311C865405008EE11A /* ImportView.xib in Resources */ = {isa = PBXBuildFile; fileRef = 511FAC301C865405008EE11A /* ImportView.xib */; };
		511FAC331C8675A5008EE11A /* ImportViewItem.swift in Sources */ = {isa = PBXBuildFile; fileRef = 511FAC321C8675A5008EE11A /* ImportViewItem.swift */; };
		511FAC351C86F38F008EE11A /* ImportViewItemView.swift in Sources */ = {isa = PBXBuildFile; fileRef = 511FAC341C86F38F008EE11A /* ImportViewItemView.swift */; };
		5124C4F01C7C7E490018F759 /* PubSub.swift in Sources */ = {isa = PBXBuildFile; fileRef = 5124C4EF1C7C7E490018F759 /* PubSub.swift */; };
		5131AEB11C884D7F00E6B547 /* JobResponseObject.swift in Sources */ = {isa = PBXBuildFile; fileRef = 5131AEB01C884D7F00E6B547 /* JobResponseObject.swift */; };
		51327F4E1C7866BA002C1013 /* DatabaseManager.swift in Sources */ = {isa = PBXBuildFile; fileRef = 51327F4D1C7866BA002C1013 /* DatabaseManager.swift */; };
		51327F511C7877E8002C1013 /* HTTP.swift in Sources */ = {isa = PBXBuildFile; fileRef = 51327F501C7877E8002C1013 /* HTTP.swift */; };
		51327F531C78783F002C1013 /* CouchDB.swift in Sources */ = {isa = PBXBuildFile; fileRef = 51327F521C78783F002C1013 /* CouchDB.swift */; };
		51327F551C787A1C002C1013 /* QueryString.swift in Sources */ = {isa = PBXBuildFile; fileRef = 51327F541C787A1C002C1013 /* QueryString.swift */; };
		513474791C65FF8300B75244 /* AppDelegate.swift in Sources */ = {isa = PBXBuildFile; fileRef = 513474781C65FF8300B75244 /* AppDelegate.swift */; };
		5134747D1C65FF8300B75244 /* Assets.xcassets in Resources */ = {isa = PBXBuildFile; fileRef = 5134747C1C65FF8300B75244 /* Assets.xcassets */; };
		513474881C65FFD200B75244 /* NetworkSupervisor.swift in Sources */ = {isa = PBXBuildFile; fileRef = 513474871C65FFD200B75244 /* NetworkSupervisor.swift */; };
		51362BDF1C81BD7300E354D2 /* Icons in Resources */ = {isa = PBXBuildFile; fileRef = 51362BDE1C81BD7300E354D2 /* Icons */; };
		51362BE41C82F4F400E354D2 /* ImportViewController.swift in Sources */ = {isa = PBXBuildFile; fileRef = 51362BE31C82F4F400E354D2 /* ImportViewController.swift */; };
		51362BE61C843DD600E354D2 /* MainWindowController.swift in Sources */ = {isa = PBXBuildFile; fileRef = 51362BE51C843DD600E354D2 /* MainWindowController.swift */; };
		516F3C4E1C673EAE00483761 /* Config.swift in Sources */ = {isa = PBXBuildFile; fileRef = 516F3C4D1C673EAE00483761 /* Config.swift */; };
		516F3C501C674B2900483761 /* PortHelper.swift in Sources */ = {isa = PBXBuildFile; fileRef = 516F3C4F1C674B2900483761 /* PortHelper.swift */; };
		516F3C531C6C9B6000483761 /* NetworkDiscoveryObject.swift in Sources */ = {isa = PBXBuildFile; fileRef = 516F3C521C6C9B6000483761 /* NetworkDiscoveryObject.swift */; };
		516F3C551C6CAD7700483761 /* NetworkMessageObject.swift in Sources */ = {isa = PBXBuildFile; fileRef = 516F3C541C6CAD7700483761 /* NetworkMessageObject.swift */; };
		516F3C571C6DDFD500483761 /* LinksObject.swift in Sources */ = {isa = PBXBuildFile; fileRef = 516F3C561C6DDFD500483761 /* LinksObject.swift */; };
		516F3C591C6DE03400483761 /* ImportableListObject.swift in Sources */ = {isa = PBXBuildFile; fileRef = 516F3C581C6DE03400483761 /* ImportableListObject.swift */; };
		516F3C5B1C6DE0DA00483761 /* ImportPhotosRequestObject.swift in Sources */ = {isa = PBXBuildFile; fileRef = 516F3C5A1C6DE0DA00483761 /* ImportPhotosRequestObject.swift */; };
		516F3C5D1C6DE11400483761 /* PingResponseObject.swift in Sources */ = {isa = PBXBuildFile; fileRef = 516F3C5C1C6DE11400483761 /* PingResponseObject.swift */; };
		516F3C5F1C6DE17D00483761 /* ResponseObject.swift in Sources */ = {isa = PBXBuildFile; fileRef = 516F3C5E1C6DE17D00483761 /* ResponseObject.swift */; };
		516F3C611C6DE39A00483761 /* ServerInfoResponseObject.swift in Sources */ = {isa = PBXBuildFile; fileRef = 516F3C601C6DE39A00483761 /* ServerInfoResponseObject.swift */; };
		516F3C631C6DE40C00483761 /* ServerSpecificationObject.swift in Sources */ = {isa = PBXBuildFile; fileRef = 516F3C621C6DE40C00483761 /* ServerSpecificationObject.swift */; };
		516F3C651C6ED5D200483761 /* JsonProtocol.swift in Sources */ = {isa = PBXBuildFile; fileRef = 516F3C641C6ED5D200483761 /* JsonProtocol.swift */; };
		51AC71F41C6F455B002C8EF9 /* NSDateISO8601.swift in Sources */ = {isa = PBXBuildFile; fileRef = 51AC71F31C6F455B002C8EF9 /* NSDateISO8601.swift */; };
		51FBD61C1C8C3FCD000EA051 /* ImportArrayController.swift in Sources */ = {isa = PBXBuildFile; fileRef = 51FBD61B1C8C3FCD000EA051 /* ImportArrayController.swift */; };
		51FBD61E1C8D98BD000EA051 /* PreviewWindow.xib in Resources */ = {isa = PBXBuildFile; fileRef = 51FBD61D1C8D98BD000EA051 /* PreviewWindow.xib */; };
		51FBD6201C8D9A7E000EA051 /* PreviewWindowController.swift in Sources */ = {isa = PBXBuildFile; fileRef = 51FBD61F1C8D9A7E000EA051 /* PreviewWindowController.swift */; };
		B23E721D4B6E81D3A3E813B6 /* Pods_Photo_Management_Studio.framework in Frameworks */ = {isa = PBXBuildFile; fileRef = F3BFB7FC19AD7455D9139AFD /* Pods_Photo_Management_Studio.framework */; };
/* End PBXBuildFile section */

/* Begin PBXFileReference section */
		510943221C96D44200CF63A9 /* HTTPStatusCodes.swift */ = {isa = PBXFileReference; fileEncoding = 4; lastKnownFileType = sourcecode.swift; path = HTTPStatusCodes.swift; sourceTree = "<group>"; };
		510943241C9812D600CF63A9 /* ImportedFilesObject.swift */ = {isa = PBXFileReference; fileEncoding = 4; lastKnownFileType = sourcecode.swift; path = ImportedFilesObject.swift; sourceTree = "<group>"; };
		510943271C98308200CF63A9 /* PMSHoverButton.swift */ = {isa = PBXFileReference; fileEncoding = 4; lastKnownFileType = sourcecode.swift; path = PMSHoverButton.swift; sourceTree = "<group>"; };
		5109432B1C99662B00CF63A9 /* LibraryFilterSplitDelegate.swift */ = {isa = PBXFileReference; fileEncoding = 4; lastKnownFileType = sourcecode.swift; path = LibraryFilterSplitDelegate.swift; sourceTree = "<group>"; };
		5109432D1C996D3D00CF63A9 /* PMSSplitView.swift */ = {isa = PBXFileReference; fileEncoding = 4; lastKnownFileType = sourcecode.swift; path = PMSSplitView.swift; sourceTree = "<group>"; };
		510943301C9974FB00CF63A9 /* FilterViewController.swift */ = {isa = PBXFileReference; fileEncoding = 4; lastKnownFileType = sourcecode.swift; path = FilterViewController.swift; sourceTree = "<group>"; };
		510943321C99750F00CF63A9 /* FilterView.xib */ = {isa = PBXFileReference; fileEncoding = 4; lastKnownFileType = file.xib; path = FilterView.xib; sourceTree = "<group>"; };
		510943351C9AC4EE00CF63A9 /* LibraryView.xib */ = {isa = PBXFileReference; fileEncoding = 4; lastKnownFileType = file.xib; path = LibraryView.xib; sourceTree = "<group>"; };
		510943371C9AC50900CF63A9 /* LibraryViewController.swift */ = {isa = PBXFileReference; fileEncoding = 4; lastKnownFileType = sourcecode.swift; path = LibraryViewController.swift; sourceTree = "<group>"; };
		510943391C9AC73700CF63A9 /* PMSCollectionView.swift */ = {isa = PBXFileReference; fileEncoding = 4; lastKnownFileType = sourcecode.swift; path = PMSCollectionView.swift; sourceTree = "<group>"; };
		5109433C1C9ACA3500CF63A9 /* PMSBox.swift */ = {isa = PBXFileReference; fileEncoding = 4; lastKnownFileType = sourcecode.swift; path = PMSBox.swift; sourceTree = "<group>"; };
		511FAC051C858F3E008EE11A /* ImportViewItem.xib */ = {isa = PBXFileReference; fileEncoding = 4; lastKnownFileType = file.xib; path = ImportViewItem.xib; sourceTree = "<group>"; };
		511FAC0F1C85C974008EE11A /* MainWindow.xib */ = {isa = PBXFileReference; fileEncoding = 4; lastKnownFileType = file.xib; path = MainWindow.xib; sourceTree = "<group>"; };
		511FAC2A1C86486B008EE11A /* MainMenu.xib */ = {isa = PBXFileReference; fileEncoding = 4; lastKnownFileType = file.xib; path = MainMenu.xib; sourceTree = "<group>"; };
		511FAC2C1C864AC5008EE11A /* HomeView.xib */ = {isa = PBXFileReference; fileEncoding = 4; lastKnownFileType = file.xib; path = HomeView.xib; sourceTree = "<group>"; };
		511FAC2E1C864AEC008EE11A /* HomeViewController.swift */ = {isa = PBXFileReference; fileEncoding = 4; lastKnownFileType = sourcecode.swift; name = HomeViewController.swift; path = Assets.xcassets/HomeViewController.swift; sourceTree = "<group>"; };
		511FAC301C865405008EE11A /* ImportView.xib */ = {isa = PBXFileReference; fileEncoding = 4; lastKnownFileType = file.xib; path = ImportView.xib; sourceTree = "<group>"; };
		511FAC321C8675A5008EE11A /* ImportViewItem.swift */ = {isa = PBXFileReference; fileEncoding = 4; lastKnownFileType = sourcecode.swift; path = ImportViewItem.swift; sourceTree = "<group>"; };
		511FAC341C86F38F008EE11A /* ImportViewItemView.swift */ = {isa = PBXFileReference; fileEncoding = 4; lastKnownFileType = sourcecode.swift; path = ImportViewItemView.swift; sourceTree = "<group>"; };
		5124C4EF1C7C7E490018F759 /* PubSub.swift */ = {isa = PBXFileReference; fileEncoding = 4; lastKnownFileType = sourcecode.swift; path = PubSub.swift; sourceTree = "<group>"; };
		5131AEB01C884D7F00E6B547 /* JobResponseObject.swift */ = {isa = PBXFileReference; fileEncoding = 4; lastKnownFileType = sourcecode.swift; path = JobResponseObject.swift; sourceTree = "<group>"; };
		51327F4D1C7866BA002C1013 /* DatabaseManager.swift */ = {isa = PBXFileReference; fileEncoding = 4; lastKnownFileType = sourcecode.swift; path = DatabaseManager.swift; sourceTree = "<group>"; };
		51327F501C7877E8002C1013 /* HTTP.swift */ = {isa = PBXFileReference; fileEncoding = 4; lastKnownFileType = sourcecode.swift; path = HTTP.swift; sourceTree = "<group>"; };
		51327F521C78783F002C1013 /* CouchDB.swift */ = {isa = PBXFileReference; fileEncoding = 4; lastKnownFileType = sourcecode.swift; path = CouchDB.swift; sourceTree = "<group>"; };
		51327F541C787A1C002C1013 /* QueryString.swift */ = {isa = PBXFileReference; fileEncoding = 4; lastKnownFileType = sourcecode.swift; path = QueryString.swift; sourceTree = "<group>"; };
		513474751C65FF8300B75244 /* Photo Management Studio.app */ = {isa = PBXFileReference; explicitFileType = wrapper.application; includeInIndex = 0; path = "Photo Management Studio.app"; sourceTree = BUILT_PRODUCTS_DIR; };
		513474781C65FF8300B75244 /* AppDelegate.swift */ = {isa = PBXFileReference; lastKnownFileType = sourcecode.swift; path = AppDelegate.swift; sourceTree = "<group>"; };
		5134747C1C65FF8300B75244 /* Assets.xcassets */ = {isa = PBXFileReference; lastKnownFileType = folder.assetcatalog; path = Assets.xcassets; sourceTree = "<group>"; };
		513474811C65FF8300B75244 /* Info.plist */ = {isa = PBXFileReference; lastKnownFileType = text.plist.xml; path = Info.plist; sourceTree = "<group>"; };
		513474871C65FFD200B75244 /* NetworkSupervisor.swift */ = {isa = PBXFileReference; fileEncoding = 4; lastKnownFileType = sourcecode.swift; path = NetworkSupervisor.swift; sourceTree = "<group>"; };
		51362BDE1C81BD7300E354D2 /* Icons */ = {isa = PBXFileReference; lastKnownFileType = folder; path = Icons; sourceTree = "<group>"; };
		51362BE01C81C24E00E354D2 /* Fabric.debug.xcconfig */ = {isa = PBXFileReference; lastKnownFileType = text.xcconfig; path = Fabric.debug.xcconfig; sourceTree = "<group>"; };
		51362BE11C82DF8900E354D2 /* Fabric.release.xcconfig */ = {isa = PBXFileReference; lastKnownFileType = text.xcconfig; path = Fabric.release.xcconfig; sourceTree = "<group>"; };
		51362BE31C82F4F400E354D2 /* ImportViewController.swift */ = {isa = PBXFileReference; fileEncoding = 4; lastKnownFileType = sourcecode.swift; path = ImportViewController.swift; sourceTree = "<group>"; };
		51362BE51C843DD600E354D2 /* MainWindowController.swift */ = {isa = PBXFileReference; fileEncoding = 4; lastKnownFileType = sourcecode.swift; path = MainWindowController.swift; sourceTree = "<group>"; };
		516F3C4D1C673EAE00483761 /* Config.swift */ = {isa = PBXFileReference; fileEncoding = 4; lastKnownFileType = sourcecode.swift; path = Config.swift; sourceTree = "<group>"; };
		516F3C4F1C674B2900483761 /* PortHelper.swift */ = {isa = PBXFileReference; fileEncoding = 4; lastKnownFileType = sourcecode.swift; path = PortHelper.swift; sourceTree = "<group>"; };
		516F3C521C6C9B6000483761 /* NetworkDiscoveryObject.swift */ = {isa = PBXFileReference; fileEncoding = 4; lastKnownFileType = sourcecode.swift; path = NetworkDiscoveryObject.swift; sourceTree = "<group>"; };
		516F3C541C6CAD7700483761 /* NetworkMessageObject.swift */ = {isa = PBXFileReference; fileEncoding = 4; lastKnownFileType = sourcecode.swift; path = NetworkMessageObject.swift; sourceTree = "<group>"; };
		516F3C561C6DDFD500483761 /* LinksObject.swift */ = {isa = PBXFileReference; fileEncoding = 4; lastKnownFileType = sourcecode.swift; path = LinksObject.swift; sourceTree = "<group>"; };
		516F3C581C6DE03400483761 /* ImportableListObject.swift */ = {isa = PBXFileReference; fileEncoding = 4; lastKnownFileType = sourcecode.swift; path = ImportableListObject.swift; sourceTree = "<group>"; };
		516F3C5A1C6DE0DA00483761 /* ImportPhotosRequestObject.swift */ = {isa = PBXFileReference; fileEncoding = 4; lastKnownFileType = sourcecode.swift; path = ImportPhotosRequestObject.swift; sourceTree = "<group>"; };
		516F3C5C1C6DE11400483761 /* PingResponseObject.swift */ = {isa = PBXFileReference; fileEncoding = 4; lastKnownFileType = sourcecode.swift; path = PingResponseObject.swift; sourceTree = "<group>"; };
		516F3C5E1C6DE17D00483761 /* ResponseObject.swift */ = {isa = PBXFileReference; fileEncoding = 4; lastKnownFileType = sourcecode.swift; path = ResponseObject.swift; sourceTree = "<group>"; };
		516F3C601C6DE39A00483761 /* ServerInfoResponseObject.swift */ = {isa = PBXFileReference; fileEncoding = 4; lastKnownFileType = sourcecode.swift; path = ServerInfoResponseObject.swift; sourceTree = "<group>"; };
		516F3C621C6DE40C00483761 /* ServerSpecificationObject.swift */ = {isa = PBXFileReference; fileEncoding = 4; lastKnownFileType = sourcecode.swift; path = ServerSpecificationObject.swift; sourceTree = "<group>"; };
		516F3C641C6ED5D200483761 /* JsonProtocol.swift */ = {isa = PBXFileReference; fileEncoding = 4; lastKnownFileType = sourcecode.swift; path = JsonProtocol.swift; sourceTree = "<group>"; };
		51AC71F31C6F455B002C8EF9 /* NSDateISO8601.swift */ = {isa = PBXFileReference; fileEncoding = 4; lastKnownFileType = sourcecode.swift; path = NSDateISO8601.swift; sourceTree = "<group>"; };
		51FBD61B1C8C3FCD000EA051 /* ImportArrayController.swift */ = {isa = PBXFileReference; fileEncoding = 4; lastKnownFileType = sourcecode.swift; path = ImportArrayController.swift; sourceTree = "<group>"; };
		51FBD61D1C8D98BD000EA051 /* PreviewWindow.xib */ = {isa = PBXFileReference; fileEncoding = 4; lastKnownFileType = file.xib; path = PreviewWindow.xib; sourceTree = "<group>"; };
		51FBD61F1C8D9A7E000EA051 /* PreviewWindowController.swift */ = {isa = PBXFileReference; fileEncoding = 4; lastKnownFileType = sourcecode.swift; path = PreviewWindowController.swift; sourceTree = "<group>"; };
		52C541E28D039FDE78C1A8C4 /* Pods-Photo Management Studio.debug.xcconfig */ = {isa = PBXFileReference; includeInIndex = 1; lastKnownFileType = text.xcconfig; name = "Pods-Photo Management Studio.debug.xcconfig"; path = "Pods/Target Support Files/Pods-Photo Management Studio/Pods-Photo Management Studio.debug.xcconfig"; sourceTree = "<group>"; };
		BFC5099B83469DAEBA54296E /* Pods-Photo Management Studio.release.xcconfig */ = {isa = PBXFileReference; includeInIndex = 1; lastKnownFileType = text.xcconfig; name = "Pods-Photo Management Studio.release.xcconfig"; path = "Pods/Target Support Files/Pods-Photo Management Studio/Pods-Photo Management Studio.release.xcconfig"; sourceTree = "<group>"; };
		F3BFB7FC19AD7455D9139AFD /* Pods_Photo_Management_Studio.framework */ = {isa = PBXFileReference; explicitFileType = wrapper.framework; includeInIndex = 0; path = Pods_Photo_Management_Studio.framework; sourceTree = BUILT_PRODUCTS_DIR; };
/* End PBXFileReference section */

/* Begin PBXFrameworksBuildPhase section */
		513474721C65FF8300B75244 /* Frameworks */ = {
			isa = PBXFrameworksBuildPhase;
			buildActionMask = 2147483647;
			files = (
				B23E721D4B6E81D3A3E813B6 /* Pods_Photo_Management_Studio.framework in Frameworks */,
			);
			runOnlyForDeploymentPostprocessing = 0;
		};
/* End PBXFrameworksBuildPhase section */

/* Begin PBXGroup section */
		510943261C98306800CF63A9 /* Styles */ = {
			isa = PBXGroup;
			children = (
				510943271C98308200CF63A9 /* PMSHoverButton.swift */,
				5109432B1C99662B00CF63A9 /* LibraryFilterSplitDelegate.swift */,
				5109432D1C996D3D00CF63A9 /* PMSSplitView.swift */,
				510943391C9AC73700CF63A9 /* PMSCollectionView.swift */,
				5109433C1C9ACA3500CF63A9 /* PMSBox.swift */,
			);
			name = Styles;
			sourceTree = "<group>";
		};
		5109432F1C9974CA00CF63A9 /* FilterView */ = {
			isa = PBXGroup;
			children = (
				510943301C9974FB00CF63A9 /* FilterViewController.swift */,
				510943321C99750F00CF63A9 /* FilterView.xib */,
			);
			name = FilterView;
			sourceTree = "<group>";
		};
		510943341C9AC4D600CF63A9 /* LibraryView */ = {
			isa = PBXGroup;
			children = (
				510943351C9AC4EE00CF63A9 /* LibraryView.xib */,
				510943371C9AC50900CF63A9 /* LibraryViewController.swift */,
			);
			name = LibraryView;
			sourceTree = "<group>";
		};
		5109433B1C9AC83500CF63A9 /* ViewItem */ = {
			isa = PBXGroup;
			children = (
				511FAC051C858F3E008EE11A /* ImportViewItem.xib */,
				511FAC321C8675A5008EE11A /* ImportViewItem.swift */,
				511FAC341C86F38F008EE11A /* ImportViewItemView.swift */,
			);
			name = ViewItem;
			sourceTree = "<group>";
		};
		511FAC071C859998008EE11A /* HomeView */ = {
			isa = PBXGroup;
			children = (
				511FAC2C1C864AC5008EE11A /* HomeView.xib */,
				511FAC2E1C864AEC008EE11A /* HomeViewController.swift */,
			);
			name = HomeView;
			sourceTree = "<group>";
		};
		51327F4F1C7877D2002C1013 /* Libraries */ = {
			isa = PBXGroup;
			children = (
				51327F501C7877E8002C1013 /* HTTP.swift */,
				51327F521C78783F002C1013 /* CouchDB.swift */,
				51327F541C787A1C002C1013 /* QueryString.swift */,
				510943221C96D44200CF63A9 /* HTTPStatusCodes.swift */,
			);
			name = Libraries;
			sourceTree = "<group>";
		};
		5134746C1C65FF8300B75244 = {
			isa = PBXGroup;
			children = (
				513474771C65FF8300B75244 /* Photo Management Studio */,
				513474761C65FF8300B75244 /* Products */,
				C549B8FCCB76A789D830DC8D /* Frameworks */,
				FC57152B72D3233D814AB37C /* Pods */,
			);
			sourceTree = "<group>";
		};
		513474761C65FF8300B75244 /* Products */ = {
			isa = PBXGroup;
			children = (
				513474751C65FF8300B75244 /* Photo Management Studio.app */,
			);
			name = Products;
			sourceTree = "<group>";
		};
		513474771C65FF8300B75244 /* Photo Management Studio */ = {
			isa = PBXGroup;
			children = (
				510943341C9AC4D600CF63A9 /* LibraryView */,
				5109432F1C9974CA00CF63A9 /* FilterView */,
				510943261C98306800CF63A9 /* Styles */,
				51FBD6231C903A8A000EA051 /* ImportView */,
				51FBD6221C903A6F000EA051 /* PreviewWindow */,
				51FBD6211C903A4D000EA051 /* MainWindow */,
				511FAC071C859998008EE11A /* HomeView */,
				51362BDE1C81BD7300E354D2 /* Icons */,
				51327F4F1C7877D2002C1013 /* Libraries */,
				51AC71F21C6F4550002C8EF9 /* Extensions */,
				516F3C511C6C9B3F00483761 /* Models */,
				513474781C65FF8300B75244 /* AppDelegate.swift */,
				5134747C1C65FF8300B75244 /* Assets.xcassets */,
				513474811C65FF8300B75244 /* Info.plist */,
				513474871C65FFD200B75244 /* NetworkSupervisor.swift */,
				516F3C4D1C673EAE00483761 /* Config.swift */,
				516F3C4F1C674B2900483761 /* PortHelper.swift */,
				51327F4D1C7866BA002C1013 /* DatabaseManager.swift */,
				51362BE01C81C24E00E354D2 /* Fabric.debug.xcconfig */,
				51362BE11C82DF8900E354D2 /* Fabric.release.xcconfig */,
			);
			path = "Photo Management Studio";
			sourceTree = "<group>";
		};
		516F3C511C6C9B3F00483761 /* Models */ = {
			isa = PBXGroup;
			children = (
				516F3C521C6C9B6000483761 /* NetworkDiscoveryObject.swift */,
				516F3C541C6CAD7700483761 /* NetworkMessageObject.swift */,
				516F3C561C6DDFD500483761 /* LinksObject.swift */,
				516F3C581C6DE03400483761 /* ImportableListObject.swift */,
				516F3C5A1C6DE0DA00483761 /* ImportPhotosRequestObject.swift */,
				516F3C5C1C6DE11400483761 /* PingResponseObject.swift */,
				516F3C5E1C6DE17D00483761 /* ResponseObject.swift */,
				516F3C601C6DE39A00483761 /* ServerInfoResponseObject.swift */,
				516F3C621C6DE40C00483761 /* ServerSpecificationObject.swift */,
				516F3C641C6ED5D200483761 /* JsonProtocol.swift */,
				5131AEB01C884D7F00E6B547 /* JobResponseObject.swift */,
				510943241C9812D600CF63A9 /* ImportedFilesObject.swift */,
			);
			name = Models;
			sourceTree = "<group>";
		};
		51AC71F21C6F4550002C8EF9 /* Extensions */ = {
			isa = PBXGroup;
			children = (
				51AC71F31C6F455B002C8EF9 /* NSDateISO8601.swift */,
				5124C4EF1C7C7E490018F759 /* PubSub.swift */,
			);
			name = Extensions;
			sourceTree = "<group>";
		};
		51FBD6211C903A4D000EA051 /* MainWindow */ = {
			isa = PBXGroup;
			children = (
				511FAC2A1C86486B008EE11A /* MainMenu.xib */,
				511FAC0F1C85C974008EE11A /* MainWindow.xib */,
				51362BE51C843DD600E354D2 /* MainWindowController.swift */,
			);
			name = MainWindow;
			sourceTree = "<group>";
		};
		51FBD6221C903A6F000EA051 /* PreviewWindow */ = {
			isa = PBXGroup;
			children = (
				51FBD61D1C8D98BD000EA051 /* PreviewWindow.xib */,
				51FBD61F1C8D9A7E000EA051 /* PreviewWindowController.swift */,
			);
			name = PreviewWindow;
			sourceTree = "<group>";
		};
		51FBD6231C903A8A000EA051 /* ImportView */ = {
			isa = PBXGroup;
			children = (
				5109433B1C9AC83500CF63A9 /* ViewItem */,
				511FAC301C865405008EE11A /* ImportView.xib */,
				51FBD61B1C8C3FCD000EA051 /* ImportArrayController.swift */,
				51362BE31C82F4F400E354D2 /* ImportViewController.swift */,
			);
			name = ImportView;
			sourceTree = "<group>";
		};
		C549B8FCCB76A789D830DC8D /* Frameworks */ = {
			isa = PBXGroup;
			children = (
				F3BFB7FC19AD7455D9139AFD /* Pods_Photo_Management_Studio.framework */,
			);
			name = Frameworks;
			sourceTree = "<group>";
		};
		FC57152B72D3233D814AB37C /* Pods */ = {
			isa = PBXGroup;
			children = (
				52C541E28D039FDE78C1A8C4 /* Pods-Photo Management Studio.debug.xcconfig */,
				BFC5099B83469DAEBA54296E /* Pods-Photo Management Studio.release.xcconfig */,
			);
			name = Pods;
			sourceTree = "<group>";
		};
/* End PBXGroup section */

/* Begin PBXNativeTarget section */
		513474741C65FF8300B75244 /* Photo Management Studio */ = {
			isa = PBXNativeTarget;
			buildConfigurationList = 513474841C65FF8300B75244 /* Build configuration list for PBXNativeTarget "Photo Management Studio" */;
			buildPhases = (
				F990CFFADD74F6E50C71407D /* Check Pods Manifest.lock */,
				513474711C65FF8300B75244 /* Sources */,
				513474721C65FF8300B75244 /* Frameworks */,
				513474731C65FF8300B75244 /* Resources */,
				17B00348E003B385A3618EFF /* Embed Pods Frameworks */,
				1D37C026FF2417322F8EFBBC /* Copy Pods Resources */,
				51362BDD1C81B22300E354D2 /* ShellScript */,
			);
			buildRules = (
			);
			dependencies = (
			);
			name = "Photo Management Studio";
			productName = "Photo Management Studio";
			productReference = 513474751C65FF8300B75244 /* Photo Management Studio.app */;
			productType = "com.apple.product-type.application";
		};
/* End PBXNativeTarget section */

/* Begin PBXProject section */
		5134746D1C65FF8300B75244 /* Project object */ = {
			isa = PBXProject;
			attributes = {
				LastSwiftUpdateCheck = 0720;
				LastUpgradeCheck = 0720;
				ORGANIZATIONNAME = "Darren Oster";
				TargetAttributes = {
					513474741C65FF8300B75244 = {
						CreatedOnToolsVersion = 7.2.1;
					};
				};
			};
			buildConfigurationList = 513474701C65FF8300B75244 /* Build configuration list for PBXProject "Photo Management Studio" */;
			compatibilityVersion = "Xcode 3.2";
			developmentRegion = English;
			hasScannedForEncodings = 0;
			knownRegions = (
				en,
				Base,
			);
			mainGroup = 5134746C1C65FF8300B75244;
			productRefGroup = 513474761C65FF8300B75244 /* Products */;
			projectDirPath = "";
			projectRoot = "";
			targets = (
				513474741C65FF8300B75244 /* Photo Management Studio */,
			);
		};
/* End PBXProject section */

/* Begin PBXResourcesBuildPhase section */
		513474731C65FF8300B75244 /* Resources */ = {
			isa = PBXResourcesBuildPhase;
			buildActionMask = 2147483647;
			files = (
				51362BDF1C81BD7300E354D2 /* Icons in Resources */,
				5134747D1C65FF8300B75244 /* Assets.xcassets in Resources */,
				511FAC311C865405008EE11A /* ImportView.xib in Resources */,
				511FAC061C858F3E008EE11A /* ImportViewItem.xib in Resources */,
				510943361C9AC4EE00CF63A9 /* LibraryView.xib in Resources */,
				51FBD61E1C8D98BD000EA051 /* PreviewWindow.xib in Resources */,
				510943331C99750F00CF63A9 /* FilterView.xib in Resources */,
				511FAC101C85C974008EE11A /* MainWindow.xib in Resources */,
				511FAC2B1C86486B008EE11A /* MainMenu.xib in Resources */,
				511FAC2D1C864AC5008EE11A /* HomeView.xib in Resources */,
			);
			runOnlyForDeploymentPostprocessing = 0;
		};
/* End PBXResourcesBuildPhase section */

/* Begin PBXShellScriptBuildPhase section */
		17B00348E003B385A3618EFF /* Embed Pods Frameworks */ = {
			isa = PBXShellScriptBuildPhase;
			buildActionMask = 2147483647;
			files = (
			);
			inputPaths = (
			);
			name = "Embed Pods Frameworks";
			outputPaths = (
			);
			runOnlyForDeploymentPostprocessing = 0;
			shellPath = /bin/sh;
			shellScript = "\"${SRCROOT}/Pods/Target Support Files/Pods-Photo Management Studio/Pods-Photo Management Studio-frameworks.sh\"\n";
			showEnvVarsInLog = 0;
		};
		1D37C026FF2417322F8EFBBC /* Copy Pods Resources */ = {
			isa = PBXShellScriptBuildPhase;
			buildActionMask = 2147483647;
			files = (
			);
			inputPaths = (
			);
			name = "Copy Pods Resources";
			outputPaths = (
			);
			runOnlyForDeploymentPostprocessing = 0;
			shellPath = /bin/sh;
			shellScript = "\"${SRCROOT}/Pods/Target Support Files/Pods-Photo Management Studio/Pods-Photo Management Studio-resources.sh\"\n";
			showEnvVarsInLog = 0;
		};
		51362BDD1C81B22300E354D2 /* ShellScript */ = {
			isa = PBXShellScriptBuildPhase;
			buildActionMask = 2147483647;
			files = (
			);
			inputPaths = (
			);
			outputPaths = (
			);
			runOnlyForDeploymentPostprocessing = 0;
			shellPath = /bin/sh;
			shellScript = "\"${PODS_ROOT}/Fabric/run\" ${FABRIC_PRIVATE_KEY}\n";
		};
		F990CFFADD74F6E50C71407D /* Check Pods Manifest.lock */ = {
			isa = PBXShellScriptBuildPhase;
			buildActionMask = 2147483647;
			files = (
			);
			inputPaths = (
			);
			name = "Check Pods Manifest.lock";
			outputPaths = (
			);
			runOnlyForDeploymentPostprocessing = 0;
			shellPath = /bin/sh;
			shellScript = "diff \"${PODS_ROOT}/../Podfile.lock\" \"${PODS_ROOT}/Manifest.lock\" > /dev/null\nif [[ $? != 0 ]] ; then\n    cat << EOM\nerror: The sandbox is not in sync with the Podfile.lock. Run 'pod install' or update your CocoaPods installation.\nEOM\n    exit 1\nfi\n";
			showEnvVarsInLog = 0;
		};
/* End PBXShellScriptBuildPhase section */

/* Begin PBXSourcesBuildPhase section */
		513474711C65FF8300B75244 /* Sources */ = {
			isa = PBXSourcesBuildPhase;
			buildActionMask = 2147483647;
			files = (
				511FAC2F1C864AEC008EE11A /* HomeViewController.swift in Sources */,
				516F3C611C6DE39A00483761 /* ServerInfoResponseObject.swift in Sources */,
				51362BE61C843DD600E354D2 /* MainWindowController.swift in Sources */,
				51327F551C787A1C002C1013 /* QueryString.swift in Sources */,
				516F3C5B1C6DE0DA00483761 /* ImportPhotosRequestObject.swift in Sources */,
				5109433A1C9AC73700CF63A9 /* PMSCollectionView.swift in Sources */,
				5124C4F01C7C7E490018F759 /* PubSub.swift in Sources */,
				516F3C5F1C6DE17D00483761 /* ResponseObject.swift in Sources */,
				5109433D1C9ACA3500CF63A9 /* PMSBox.swift in Sources */,
				516F3C5D1C6DE11400483761 /* PingResponseObject.swift in Sources */,
				510943251C9812D600CF63A9 /* ImportedFilesObject.swift in Sources */,
				51327F4E1C7866BA002C1013 /* DatabaseManager.swift in Sources */,
				511FAC351C86F38F008EE11A /* ImportViewItemView.swift in Sources */,
				510943231C96D44200CF63A9 /* HTTPStatusCodes.swift in Sources */,
				5109432C1C99662B00CF63A9 /* LibraryFilterSplitDelegate.swift in Sources */,
				513474881C65FFD200B75244 /* NetworkSupervisor.swift in Sources */,
				510943311C9974FB00CF63A9 /* FilterViewController.swift in Sources */,
				5109432E1C996D3D00CF63A9 /* PMSSplitView.swift in Sources */,
				516F3C551C6CAD7700483761 /* NetworkMessageObject.swift in Sources */,
				51327F531C78783F002C1013 /* CouchDB.swift in Sources */,
				51FBD61C1C8C3FCD000EA051 /* ImportArrayController.swift in Sources */,
				510943281C98308200CF63A9 /* PMSHoverButton.swift in Sources */,
				516F3C4E1C673EAE00483761 /* Config.swift in Sources */,
				51AC71F41C6F455B002C8EF9 /* NSDateISO8601.swift in Sources */,
				51327F511C7877E8002C1013 /* HTTP.swift in Sources */,
				5131AEB11C884D7F00E6B547 /* JobResponseObject.swift in Sources */,
				516F3C631C6DE40C00483761 /* ServerSpecificationObject.swift in Sources */,
				516F3C501C674B2900483761 /* PortHelper.swift in Sources */,
				516F3C651C6ED5D200483761 /* JsonProtocol.swift in Sources */,
				511FAC331C8675A5008EE11A /* ImportViewItem.swift in Sources */,
				516F3C571C6DDFD500483761 /* LinksObject.swift in Sources */,
				516F3C591C6DE03400483761 /* ImportableListObject.swift in Sources */,
				51FBD6201C8D9A7E000EA051 /* PreviewWindowController.swift in Sources */,
				51362BE41C82F4F400E354D2 /* ImportViewController.swift in Sources */,
				516F3C531C6C9B6000483761 /* NetworkDiscoveryObject.swift in Sources */,
				510943381C9AC50900CF63A9 /* LibraryViewController.swift in Sources */,
				513474791C65FF8300B75244 /* AppDelegate.swift in Sources */,
			);
			runOnlyForDeploymentPostprocessing = 0;
		};
/* End PBXSourcesBuildPhase section */

/* Begin XCBuildConfiguration section */
		513474821C65FF8300B75244 /* Debug */ = {
			isa = XCBuildConfiguration;
			buildSettings = {
				ALWAYS_SEARCH_USER_PATHS = NO;
				CLANG_CXX_LANGUAGE_STANDARD = "gnu++0x";
				CLANG_CXX_LIBRARY = "libc++";
				CLANG_ENABLE_MODULES = YES;
				CLANG_ENABLE_OBJC_ARC = YES;
				CLANG_WARN_BOOL_CONVERSION = YES;
				CLANG_WARN_CONSTANT_CONVERSION = YES;
				CLANG_WARN_DIRECT_OBJC_ISA_USAGE = YES_ERROR;
				CLANG_WARN_EMPTY_BODY = YES;
				CLANG_WARN_ENUM_CONVERSION = YES;
				CLANG_WARN_INT_CONVERSION = YES;
				CLANG_WARN_OBJC_ROOT_CLASS = YES_ERROR;
				CLANG_WARN_UNREACHABLE_CODE = YES;
				CLANG_WARN__DUPLICATE_METHOD_MATCH = YES;
				CODE_SIGN_IDENTITY = "-";
				COPY_PHASE_STRIP = NO;
				DEBUG_INFORMATION_FORMAT = dwarf;
				ENABLE_STRICT_OBJC_MSGSEND = YES;
				ENABLE_TESTABILITY = YES;
				GCC_C_LANGUAGE_STANDARD = gnu99;
				GCC_DYNAMIC_NO_PIC = NO;
				GCC_NO_COMMON_BLOCKS = YES;
				GCC_OPTIMIZATION_LEVEL = 0;
				GCC_PREPROCESSOR_DEFINITIONS = (
					"DEBUG=1",
					"$(inherited)",
				);
				GCC_WARN_64_TO_32_BIT_CONVERSION = YES;
				GCC_WARN_ABOUT_RETURN_TYPE = YES_ERROR;
				GCC_WARN_UNDECLARED_SELECTOR = YES;
				GCC_WARN_UNINITIALIZED_AUTOS = YES_AGGRESSIVE;
				GCC_WARN_UNUSED_FUNCTION = YES;
				GCC_WARN_UNUSED_VARIABLE = YES;
				MACOSX_DEPLOYMENT_TARGET = 10.11;
				MTL_ENABLE_DEBUG_INFO = YES;
				ONLY_ACTIVE_ARCH = YES;
				SDKROOT = macosx;
				SWIFT_OPTIMIZATION_LEVEL = "-Onone";
			};
			name = Debug;
		};
		513474831C65FF8300B75244 /* Release */ = {
			isa = XCBuildConfiguration;
			buildSettings = {
				ALWAYS_SEARCH_USER_PATHS = NO;
				CLANG_CXX_LANGUAGE_STANDARD = "gnu++0x";
				CLANG_CXX_LIBRARY = "libc++";
				CLANG_ENABLE_MODULES = YES;
				CLANG_ENABLE_OBJC_ARC = YES;
				CLANG_WARN_BOOL_CONVERSION = YES;
				CLANG_WARN_CONSTANT_CONVERSION = YES;
				CLANG_WARN_DIRECT_OBJC_ISA_USAGE = YES_ERROR;
				CLANG_WARN_EMPTY_BODY = YES;
				CLANG_WARN_ENUM_CONVERSION = YES;
				CLANG_WARN_INT_CONVERSION = YES;
				CLANG_WARN_OBJC_ROOT_CLASS = YES_ERROR;
				CLANG_WARN_UNREACHABLE_CODE = YES;
				CLANG_WARN__DUPLICATE_METHOD_MATCH = YES;
				CODE_SIGN_IDENTITY = "-";
				COPY_PHASE_STRIP = NO;
				DEBUG_INFORMATION_FORMAT = "dwarf-with-dsym";
				ENABLE_NS_ASSERTIONS = NO;
				ENABLE_STRICT_OBJC_MSGSEND = YES;
				GCC_C_LANGUAGE_STANDARD = gnu99;
				GCC_NO_COMMON_BLOCKS = YES;
				GCC_WARN_64_TO_32_BIT_CONVERSION = YES;
				GCC_WARN_ABOUT_RETURN_TYPE = YES_ERROR;
				GCC_WARN_UNDECLARED_SELECTOR = YES;
				GCC_WARN_UNINITIALIZED_AUTOS = YES_AGGRESSIVE;
				GCC_WARN_UNUSED_FUNCTION = YES;
				GCC_WARN_UNUSED_VARIABLE = YES;
				MACOSX_DEPLOYMENT_TARGET = 10.11;
				MTL_ENABLE_DEBUG_INFO = NO;
				SDKROOT = macosx;
			};
			name = Release;
		};
		513474851C65FF8300B75244 /* Debug */ = {
			isa = XCBuildConfiguration;
			baseConfigurationReference = 51362BE01C81C24E00E354D2 /* Fabric.debug.xcconfig */;
			buildSettings = {
				ASSETCATALOG_COMPILER_APPICON_NAME = AppIcon;
				ASSETCATALOG_COMPILER_LAUNCHIMAGE_NAME = "";
				COMBINE_HIDPI_IMAGES = YES;
				FRAMEWORK_SEARCH_PATHS = (
					"$(inherited)",
					"$(PROJECT_DIR)/Pods/Fabric",
				);
				INFOPLIST_FILE = "Photo Management Studio/Info.plist";
				LD_RUNPATH_SEARCH_PATHS = "$(inherited) @executable_path/../Frameworks";
				MACOSX_DEPLOYMENT_TARGET = 10.11;
				PRODUCT_BUNDLE_IDENTIFIER = "au.com.criterionsoftware.Photo-Management-Studio";
				PRODUCT_NAME = "$(TARGET_NAME)";
			};
			name = Debug;
		};
		513474861C65FF8300B75244 /* Release */ = {
			isa = XCBuildConfiguration;
			baseConfigurationReference = 51362BE11C82DF8900E354D2 /* Fabric.release.xcconfig */;
			buildSettings = {
				ASSETCATALOG_COMPILER_APPICON_NAME = AppIcon;
				ASSETCATALOG_COMPILER_LAUNCHIMAGE_NAME = "";
				COMBINE_HIDPI_IMAGES = YES;
				FRAMEWORK_SEARCH_PATHS = (
					"$(inherited)",
					"$(PROJECT_DIR)/Pods/Fabric",
				);
				INFOPLIST_FILE = "Photo Management Studio/Info.plist";
				LD_RUNPATH_SEARCH_PATHS = "$(inherited) @executable_path/../Frameworks";
				MACOSX_DEPLOYMENT_TARGET = 10.11;
				PRODUCT_BUNDLE_IDENTIFIER = "au.com.criterionsoftware.Photo-Management-Studio";
				PRODUCT_NAME = "$(TARGET_NAME)";
			};
			name = Release;
		};
/* End XCBuildConfiguration section */

/* Begin XCConfigurationList section */
		513474701C65FF8300B75244 /* Build configuration list for PBXProject "Photo Management Studio" */ = {
			isa = XCConfigurationList;
			buildConfigurations = (
				513474821C65FF8300B75244 /* Debug */,
				513474831C65FF8300B75244 /* Release */,
			);
			defaultConfigurationIsVisible = 0;
			defaultConfigurationName = Release;
		};
		513474841C65FF8300B75244 /* Build configuration list for PBXNativeTarget "Photo Management Studio" */ = {
			isa = XCConfigurationList;
			buildConfigurations = (
				513474851C65FF8300B75244 /* Debug */,
				513474861C65FF8300B75244 /* Release */,
			);
			defaultConfigurationIsVisible = 0;
			defaultConfigurationName = Release;
		};
/* End XCConfigurationList section */
	};
	rootObject = 5134746D1C65FF8300B75244 /* Project object */;
}
